
Microsoft Visual Studio Solution File, Format Version 12.00
# Visual Studio Version 17
VisualStudioVersion = 17.10.35122.118
MinimumVisualStudioVersion = 10.0.40219.1
Project("{9A19103F-16F7-4668-BE54-9A1E7A4F7556}") = "Data", "Data\Data.csproj", "{A2CA57A8-7BA1-4EAB-AAD7-04A6945EBA29}"
EndProject
Project("{9A19103F-16F7-4668-BE54-9A1E7A4F7556}") = "DataAccess", "DataAccess\DataAccess.csproj", "{6168D655-ECBB-4A6B-9ECF-C40E2CA0B41F}"
EndProject
Project("{9A19103F-16F7-4668-BE54-9A1E7A4F7556}") = "Business", "Business\Business.csproj", "{7288FDAC-78EB-4830-950C-0759F42641F3}"
EndProject
Project("{9A19103F-16F7-4668-BE54-9A1E7A4F7556}") = "Presentation", "Presentation\Presentation.csproj", "{9B625898-1A2D-4DF0-89A3-BFC32FA42AE6}"
EndProject
Global
	GlobalSection(SolutionConfigurationPlatforms) = preSolution
		Debug|Any CPU = Debug|Any CPU
		Release|Any CPU = Release|Any CPU
	EndGlobalSection
	GlobalSection(ProjectConfigurationPlatforms) = postSolution
		{A2CA57A8-7BA1-4EAB-AAD7-04A6945EBA29}.Debug|Any CPU.ActiveCfg = Debug|Any CPU
		{A2CA57A8-7BA1-4EAB-AAD7-04A6945EBA29}.Debug|Any CPU.Build.0 = Debug|Any CPU
		{A2CA57A8-7BA1-4EAB-AAD7-04A6945EBA29}.Release|Any CPU.ActiveCfg = Release|Any CPU
		{A2CA57A8-7BA1-4EAB-AAD7-04A6945EBA29}.Release|Any CPU.Build.0 = Release|Any CPU
		{6168D655-ECBB-4A6B-9ECF-C40E2CA0B41F}.Debug|Any CPU.ActiveCfg = Debug|Any CPU
		{6168D655-ECBB-4A6B-9ECF-C40E2CA0B41F}.Debug|Any CPU.Build.0 = Debug|Any CPU
		{6168D655-ECBB-4A6B-9ECF-C40E2CA0B41F}.Release|Any CPU.ActiveCfg = Release|Any CPU
		{6168D655-ECBB-4A6B-9ECF-C40E2CA0B41F}.Release|Any CPU.Build.0 = Release|Any CPU
		{7288FDAC-78EB-4830-950C-0759F42641F3}.Debug|Any CPU.ActiveCfg = Debug|Any CPU
		{7288FDAC-78EB-4830-950C-0759F42641F3}.Debug|Any CPU.Build.0 = Debug|Any CPU
		{7288FDAC-78EB-4830-950C-0759F42641F3}.Release|Any CPU.ActiveCfg = Release|Any CPU
		{7288FDAC-78EB-4830-950C-0759F42641F3}.Release|Any CPU.Build.0 = Release|Any CPU
		{9B625898-1A2D-4DF0-89A3-BFC32FA42AE6}.Debug|Any CPU.ActiveCfg = Debug|Any CPU
		{9B625898-1A2D-4DF0-89A3-BFC32FA42AE6}.Debug|Any CPU.Build.0 = Debug|Any CPU
		{9B625898-1A2D-4DF0-89A3-BFC32FA42AE6}.Release|Any CPU.ActiveCfg = Release|Any CPU
		{9B625898-1A2D-4DF0-89A3-BFC32FA42AE6}.Release|Any CPU.Build.0 = Release|Any CPU
	EndGlobalSection
	GlobalSection(SolutionProperties) = preSolution
		HideSolutionNode = FALSE
	EndGlobalSection
	GlobalSection(ExtensibilityGlobals) = postSolution
		SolutionGuid = {A5543F71-8541-4E20-803B-00B92E432C76}
	EndGlobalSection
EndGlobal
